
Microsoft Visual Studio Solution File, Format Version 12.00
# Visual Studio Version 17
VisualStudioVersion = 17.1.32228.430
MinimumVisualStudioVersion = 10.0.40219.1
Project("{2150E333-8FDC-42A3-9474-1A3956D46DE8}") = "SMUBE", "SMUBE", "{201ED20C-FD8D-4DB8-A2B3-3B3E63686D26}"
EndProject
Project("{FAE04EC0-301F-11D3-BF4B-00C04F79EFBC}") = "Core", "Core\Core.csproj", "{871BA149-C9D1-4154-9DDB-905A8C587EE4}"
	ProjectSection(ProjectDependencies) = postProject
		{31088EFC-60A4-4DFE-8789-32E232387425} = {31088EFC-60A4-4DFE-8789-32E232387425}
		{6055D86F-31C6-4FD9-9916-A5DAEA12B45B} = {6055D86F-31C6-4FD9-9916-A5DAEA12B45B}
		{7CCD401E-0EB6-46F7-BA56-A062DCD5C50E} = {7CCD401E-0EB6-46F7-BA56-A062DCD5C50E}
		{7F1AFEE9-E609-4721-A476-C5511A3DF931} = {7F1AFEE9-E609-4721-A476-C5511A3DF931}
		{81204AE4-E72B-440F-8DD7-FC33F092E076} = {81204AE4-E72B-440F-8DD7-FC33F092E076}
	EndProjectSection
EndProject
Project("{FAE04EC0-301F-11D3-BF4B-00C04F79EFBC}") = "BattleState", "BattleScene\BattleState.csproj", "{7F1AFEE9-E609-4721-A476-C5511A3DF931}"
	ProjectSection(ProjectDependencies) = postProject
		{31088EFC-60A4-4DFE-8789-32E232387425} = {31088EFC-60A4-4DFE-8789-32E232387425}
		{7CCD401E-0EB6-46F7-BA56-A062DCD5C50E} = {7CCD401E-0EB6-46F7-BA56-A062DCD5C50E}
		{81204AE4-E72B-440F-8DD7-FC33F092E076} = {81204AE4-E72B-440F-8DD7-FC33F092E076}
	EndProjectSection
EndProject
Project("{FAE04EC0-301F-11D3-BF4B-00C04F79EFBC}") = "Units", "Units\Units.csproj", "{81204AE4-E72B-440F-8DD7-FC33F092E076}"
	ProjectSection(ProjectDependencies) = postProject
		{31088EFC-60A4-4DFE-8789-32E232387425} = {31088EFC-60A4-4DFE-8789-32E232387425}
		{7CCD401E-0EB6-46F7-BA56-A062DCD5C50E} = {7CCD401E-0EB6-46F7-BA56-A062DCD5C50E}
	EndProjectSection
EndProject
Project("{2150E333-8FDC-42A3-9474-1A3956D46DE8}") = "SMUBE_Utils", "SMUBE_Utils", "{0F45C78C-0D60-4777-85F2-5F10027E7A42}"
EndProject
Project("{FAE04EC0-301F-11D3-BF4B-00C04F79EFBC}") = "Simulator", "Simulator\Simulator.csproj", "{AC818544-FAA5-406F-A5A8-E94D588E0FD3}"
	ProjectSection(ProjectDependencies) = postProject
		{31088EFC-60A4-4DFE-8789-32E232387425} = {31088EFC-60A4-4DFE-8789-32E232387425}
		{7CCD401E-0EB6-46F7-BA56-A062DCD5C50E} = {7CCD401E-0EB6-46F7-BA56-A062DCD5C50E}
		{7F1AFEE9-E609-4721-A476-C5511A3DF931} = {7F1AFEE9-E609-4721-A476-C5511A3DF931}
		{81204AE4-E72B-440F-8DD7-FC33F092E076} = {81204AE4-E72B-440F-8DD7-FC33F092E076}
		{871BA149-C9D1-4154-9DDB-905A8C587EE4} = {871BA149-C9D1-4154-9DDB-905A8C587EE4}
	EndProjectSection
EndProject
Project("{FAE04EC0-301F-11D3-BF4B-00C04F79EFBC}") = "Commands", "Commands\Commands.csproj", "{7CCD401E-0EB6-46F7-BA56-A062DCD5C50E}"
	ProjectSection(ProjectDependencies) = postProject
		{31088EFC-60A4-4DFE-8789-32E232387425} = {31088EFC-60A4-4DFE-8789-32E232387425}
	EndProjectSection
EndProject
Project("{FAE04EC0-301F-11D3-BF4B-00C04F79EFBC}") = "UnitTests", "UnitTests\UnitTests.csproj", "{57F60534-E6E4-448D-A406-62201AEE6ED4}"
	ProjectSection(ProjectDependencies) = postProject
		{31088EFC-60A4-4DFE-8789-32E232387425} = {31088EFC-60A4-4DFE-8789-32E232387425}
		{7CCD401E-0EB6-46F7-BA56-A062DCD5C50E} = {7CCD401E-0EB6-46F7-BA56-A062DCD5C50E}
	EndProjectSection
EndProject
Project("{FAE04EC0-301F-11D3-BF4B-00C04F79EFBC}") = "DataStructures", "DataStructures\DataStructures.csproj", "{31088EFC-60A4-4DFE-8789-32E232387425}"
EndProject
Project("{2150E333-8FDC-42A3-9474-1A3956D46DE8}") = "Solution Items", "Solution Items", "{0B6737D9-EE6C-40D6-B0D2-C938457A2EBF}"
	ProjectSection(SolutionItems) = preProject
		CharacterTypeHierarchy.txt = CharacterTypeHierarchy.txt
		Depenency Hierarchy.txt = Depenency Hierarchy.txt
	EndProjectSection
EndProject
Project("{FAE04EC0-301F-11D3-BF4B-00C04F79EFBC}") = "AI", "AI\AI.csproj", "{6055D86F-31C6-4FD9-9916-A5DAEA12B45B}"
	ProjectSection(ProjectDependencies) = postProject
		{31088EFC-60A4-4DFE-8789-32E232387425} = {31088EFC-60A4-4DFE-8789-32E232387425}
		{7CCD401E-0EB6-46F7-BA56-A062DCD5C50E} = {7CCD401E-0EB6-46F7-BA56-A062DCD5C50E}
		{7F1AFEE9-E609-4721-A476-C5511A3DF931} = {7F1AFEE9-E609-4721-A476-C5511A3DF931}
		{81204AE4-E72B-440F-8DD7-FC33F092E076} = {81204AE4-E72B-440F-8DD7-FC33F092E076}
	EndProjectSection
EndProject
Global
	GlobalSection(SolutionConfigurationPlatforms) = preSolution
		Debug|Any CPU = Debug|Any CPU
		Release|Any CPU = Release|Any CPU
	EndGlobalSection
	GlobalSection(ProjectConfigurationPlatforms) = postSolution
		{871BA149-C9D1-4154-9DDB-905A8C587EE4}.Debug|Any CPU.ActiveCfg = Debug|Any CPU
		{871BA149-C9D1-4154-9DDB-905A8C587EE4}.Debug|Any CPU.Build.0 = Debug|Any CPU
		{871BA149-C9D1-4154-9DDB-905A8C587EE4}.Release|Any CPU.ActiveCfg = Release|Any CPU
		{871BA149-C9D1-4154-9DDB-905A8C587EE4}.Release|Any CPU.Build.0 = Release|Any CPU
		{7F1AFEE9-E609-4721-A476-C5511A3DF931}.Debug|Any CPU.ActiveCfg = Debug|Any CPU
		{7F1AFEE9-E609-4721-A476-C5511A3DF931}.Debug|Any CPU.Build.0 = Debug|Any CPU
		{7F1AFEE9-E609-4721-A476-C5511A3DF931}.Release|Any CPU.ActiveCfg = Release|Any CPU
		{7F1AFEE9-E609-4721-A476-C5511A3DF931}.Release|Any CPU.Build.0 = Release|Any CPU
		{81204AE4-E72B-440F-8DD7-FC33F092E076}.Debug|Any CPU.ActiveCfg = Debug|Any CPU
		{81204AE4-E72B-440F-8DD7-FC33F092E076}.Debug|Any CPU.Build.0 = Debug|Any CPU
		{81204AE4-E72B-440F-8DD7-FC33F092E076}.Release|Any CPU.ActiveCfg = Release|Any CPU
		{81204AE4-E72B-440F-8DD7-FC33F092E076}.Release|Any CPU.Build.0 = Release|Any CPU
		{AC818544-FAA5-406F-A5A8-E94D588E0FD3}.Debug|Any CPU.ActiveCfg = Debug|Any CPU
		{AC818544-FAA5-406F-A5A8-E94D588E0FD3}.Debug|Any CPU.Build.0 = Debug|Any CPU
		{AC818544-FAA5-406F-A5A8-E94D588E0FD3}.Release|Any CPU.ActiveCfg = Release|Any CPU
		{AC818544-FAA5-406F-A5A8-E94D588E0FD3}.Release|Any CPU.Build.0 = Release|Any CPU
		{7CCD401E-0EB6-46F7-BA56-A062DCD5C50E}.Debug|Any CPU.ActiveCfg = Debug|Any CPU
		{7CCD401E-0EB6-46F7-BA56-A062DCD5C50E}.Debug|Any CPU.Build.0 = Debug|Any CPU
		{7CCD401E-0EB6-46F7-BA56-A062DCD5C50E}.Release|Any CPU.ActiveCfg = Release|Any CPU
		{7CCD401E-0EB6-46F7-BA56-A062DCD5C50E}.Release|Any CPU.Build.0 = Release|Any CPU
		{57F60534-E6E4-448D-A406-62201AEE6ED4}.Debug|Any CPU.ActiveCfg = Debug|Any CPU
		{57F60534-E6E4-448D-A406-62201AEE6ED4}.Debug|Any CPU.Build.0 = Debug|Any CPU
		{57F60534-E6E4-448D-A406-62201AEE6ED4}.Release|Any CPU.ActiveCfg = Release|Any CPU
		{57F60534-E6E4-448D-A406-62201AEE6ED4}.Release|Any CPU.Build.0 = Release|Any CPU
		{31088EFC-60A4-4DFE-8789-32E232387425}.Debug|Any CPU.ActiveCfg = Debug|Any CPU
		{31088EFC-60A4-4DFE-8789-32E232387425}.Debug|Any CPU.Build.0 = Debug|Any CPU
		{31088EFC-60A4-4DFE-8789-32E232387425}.Release|Any CPU.ActiveCfg = Release|Any CPU
		{31088EFC-60A4-4DFE-8789-32E232387425}.Release|Any CPU.Build.0 = Release|Any CPU
		{6055D86F-31C6-4FD9-9916-A5DAEA12B45B}.Debug|Any CPU.ActiveCfg = Debug|Any CPU
		{6055D86F-31C6-4FD9-9916-A5DAEA12B45B}.Debug|Any CPU.Build.0 = Debug|Any CPU
		{6055D86F-31C6-4FD9-9916-A5DAEA12B45B}.Release|Any CPU.ActiveCfg = Release|Any CPU
		{6055D86F-31C6-4FD9-9916-A5DAEA12B45B}.Release|Any CPU.Build.0 = Release|Any CPU
	EndGlobalSection
	GlobalSection(SolutionProperties) = preSolution
		HideSolutionNode = FALSE
	EndGlobalSection
	GlobalSection(NestedProjects) = preSolution
		{871BA149-C9D1-4154-9DDB-905A8C587EE4} = {201ED20C-FD8D-4DB8-A2B3-3B3E63686D26}
		{7F1AFEE9-E609-4721-A476-C5511A3DF931} = {201ED20C-FD8D-4DB8-A2B3-3B3E63686D26}
		{81204AE4-E72B-440F-8DD7-FC33F092E076} = {201ED20C-FD8D-4DB8-A2B3-3B3E63686D26}
		{AC818544-FAA5-406F-A5A8-E94D588E0FD3} = {0F45C78C-0D60-4777-85F2-5F10027E7A42}
		{7CCD401E-0EB6-46F7-BA56-A062DCD5C50E} = {201ED20C-FD8D-4DB8-A2B3-3B3E63686D26}
		{57F60534-E6E4-448D-A406-62201AEE6ED4} = {0F45C78C-0D60-4777-85F2-5F10027E7A42}
		{31088EFC-60A4-4DFE-8789-32E232387425} = {201ED20C-FD8D-4DB8-A2B3-3B3E63686D26}
		{6055D86F-31C6-4FD9-9916-A5DAEA12B45B} = {201ED20C-FD8D-4DB8-A2B3-3B3E63686D26}
	EndGlobalSection
	GlobalSection(ExtensibilityGlobals) = postSolution
		SolutionGuid = {E314E168-9043-4B71-9B35-59D832D01606}
	EndGlobalSection
EndGlobal
